
Microsoft Visual Studio Solution File, Format Version 12.00
# Visual Studio Version 16
VisualStudioVersion = 16.0.29609.76
MinimumVisualStudioVersion = 10.0.40219.1
Project("{FAE04EC0-301F-11D3-BF4B-00C04F79EFBC}") = "CityInfo.API", "CityInfo.API\CityInfo.API.csproj", "{840BBCFB-8AC9-4C19-A359-AD196469C7E3}"
EndProject
Global
	GlobalSection(SolutionConfigurationPlatforms) = preSolution
		Debug|Any CPU = Debug|Any CPU
		Release|Any CPU = Release|Any CPU
	EndGlobalSection
	GlobalSection(ProjectConfigurationPlatforms) = postSolution
		{840BBCFB-8AC9-4C19-A359-AD196469C7E3}.Debug|Any CPU.ActiveCfg = Debug|Any CPU
		{840BBCFB-8AC9-4C19-A359-AD196469C7E3}.Debug|Any CPU.Build.0 = Debug|Any CPU
		{840BBCFB-8AC9-4C19-A359-AD196469C7E3}.Release|Any CPU.ActiveCfg = Release|Any CPU
		{840BBCFB-8AC9-4C19-A359-AD196469C7E3}.Release|Any CPU.Build.0 = Release|Any CPU
	EndGlobalSection
	GlobalSection(SolutionProperties) = preSolution
		HideSolutionNode = FALSE
	EndGlobalSection
	GlobalSection(ExtensibilityGlobals) = postSolution
		SolutionGuid = {5EBAECA0-F123-4BE9-A427-1B5F24098452}
	EndGlobalSection
EndGlobal
